{
  "nodes": {
    "flake-schemas": {
      "locked": {
        "lastModified": 1761577921,
        "narHash": "sha256-eK3/xbUOrxp9fFlei09XNjqcdiHXxndzrTXp7jFpOk8=",
        "rev": "47849c7625e223d36766968cc6dc23ba0e135922",
        "revCount": 107,
        "type": "tarball",
        "url": "https://api.flakehub.com/f/pinned/DeterminateSystems/flake-schemas/0.2.0/019a4a84-544d-7c59-b26d-e334e320c932/source.tar.gz"
      },
      "original": {
        "type": "tarball",
        "url": "https://flakehub.com/f/DeterminateSystems/flake-schemas/%2A"
      }
    },
    "nixpkgs": {
      "locked": {
        "lastModified": 1764983851,
        "narHash": "sha256-y7RPKl/jJ/KAP/VKLMghMgXTlvNIJMHKskl8/Uuar7o=",
        "rev": "d9bc5c7dceb30d8d6fafa10aeb6aa8a48c218454",
        "revCount": 902883,
        "type": "tarball",
        "url": "https://api.flakehub.com/f/pinned/NixOS/nixpkgs/0.2511.902883%2Brev-d9bc5c7dceb30d8d6fafa10aeb6aa8a48c218454/019af9e3-4981-798f-83ae-1c022e08ffcc/source.tar.gz"
      },
      "original": {
        "type": "tarball",
        "url": "https://flakehub.com/f/NixOS/nixpkgs/%2A"
      }
    },
    "root": {
      "inputs": {
        "flake-schemas": "flake-schemas",
        "nixpkgs": "nixpkgs"
      }
    }
  },
  "root": "root",
  "version": 7
}
